
Microsoft Visual Studio Solution File, Format Version 12.00
# Visual Studio Version 17
VisualStudioVersion = 17.3.32929.385
MinimumVisualStudioVersion = 10.0.40219.1
Project("{2150E333-8FDC-42A3-9474-1A3956D46DE8}") = "Services", "Services", "{07646836-47D6-4931-A21C-6A90926BB41C}"
EndProject
Project("{2150E333-8FDC-42A3-9474-1A3956D46DE8}") = "Basket", "Basket", "{508BF748-6730-40B4-82A3-1BB08A9BBC02}"
EndProject
Project("{2150E333-8FDC-42A3-9474-1A3956D46DE8}") = "ApiGateways", "ApiGateways", "{DA8AE16C-A26D-4A2F-9B54-EF60BA41069D}"
EndProject
Project("{FAE04EC0-301F-11D3-BF4B-00C04F79EFBC}") = "Basket.API", "Services\Basket\Basket.API\Basket.API.csproj", "{1687D134-B75F-4400-9C69-281FD86E7880}"
EndProject
Project("{2150E333-8FDC-42A3-9474-1A3956D46DE8}") = "Catalog", "Catalog", "{5D9F51CE-08E6-4E6F-A4CA-2273E5A77593}"
EndProject
Project("{2150E333-8FDC-42A3-9474-1A3956D46DE8}") = "Discount", "Discount", "{517C0CC3-732A-4367-B33B-E9567DAA36CB}"
EndProject
Project("{2150E333-8FDC-42A3-9474-1A3956D46DE8}") = "Ordering", "Ordering", "{FC0D6188-5D10-40BA-BAEA-354817D12EAC}"
EndProject
Project("{FAE04EC0-301F-11D3-BF4B-00C04F79EFBC}") = "Catalog.API", "Services\Catalog\Catalog.API\Catalog.API.csproj", "{15D4FA21-7676-490E-A84E-D5E0D34B8F2B}"
EndProject
Project("{FAE04EC0-301F-11D3-BF4B-00C04F79EFBC}") = "Discount.API", "Services\Discount\Discount.API\Discount.API.csproj", "{AC2698F5-C030-4313-A5CC-3CEFFD902C3F}"
EndProject
Project("{FAE04EC0-301F-11D3-BF4B-00C04F79EFBC}") = "Ordering.API", "Services\Ordering\Ordering.API\Ordering.API.csproj", "{D726EB92-9C26-46EE-ADF3-6822DCB8FD63}"
EndProject
Project("{FAE04EC0-301F-11D3-BF4B-00C04F79EFBC}") = "OcelotAPIGateway", "ApiGateways\OcelotAPIGateway\OcelotAPIGateway.csproj", "{DE6ACFA9-0596-4B05-B42B-02CFF07796D5}"
EndProject
Global
	GlobalSection(SolutionConfigurationPlatforms) = preSolution
		Debug|Any CPU = Debug|Any CPU
		Release|Any CPU = Release|Any CPU
	EndGlobalSection
	GlobalSection(ProjectConfigurationPlatforms) = postSolution
		{1687D134-B75F-4400-9C69-281FD86E7880}.Debug|Any CPU.ActiveCfg = Debug|Any CPU
		{1687D134-B75F-4400-9C69-281FD86E7880}.Debug|Any CPU.Build.0 = Debug|Any CPU
		{1687D134-B75F-4400-9C69-281FD86E7880}.Release|Any CPU.ActiveCfg = Release|Any CPU
		{1687D134-B75F-4400-9C69-281FD86E7880}.Release|Any CPU.Build.0 = Release|Any CPU
		{15D4FA21-7676-490E-A84E-D5E0D34B8F2B}.Debug|Any CPU.ActiveCfg = Debug|Any CPU
		{15D4FA21-7676-490E-A84E-D5E0D34B8F2B}.Debug|Any CPU.Build.0 = Debug|Any CPU
		{15D4FA21-7676-490E-A84E-D5E0D34B8F2B}.Release|Any CPU.ActiveCfg = Release|Any CPU
		{15D4FA21-7676-490E-A84E-D5E0D34B8F2B}.Release|Any CPU.Build.0 = Release|Any CPU
		{AC2698F5-C030-4313-A5CC-3CEFFD902C3F}.Debug|Any CPU.ActiveCfg = Debug|Any CPU
		{AC2698F5-C030-4313-A5CC-3CEFFD902C3F}.Debug|Any CPU.Build.0 = Debug|Any CPU
		{AC2698F5-C030-4313-A5CC-3CEFFD902C3F}.Release|Any CPU.ActiveCfg = Release|Any CPU
		{AC2698F5-C030-4313-A5CC-3CEFFD902C3F}.Release|Any CPU.Build.0 = Release|Any CPU
		{D726EB92-9C26-46EE-ADF3-6822DCB8FD63}.Debug|Any CPU.ActiveCfg = Debug|Any CPU
		{D726EB92-9C26-46EE-ADF3-6822DCB8FD63}.Debug|Any CPU.Build.0 = Debug|Any CPU
		{D726EB92-9C26-46EE-ADF3-6822DCB8FD63}.Release|Any CPU.ActiveCfg = Release|Any CPU
		{D726EB92-9C26-46EE-ADF3-6822DCB8FD63}.Release|Any CPU.Build.0 = Release|Any CPU
		{DE6ACFA9-0596-4B05-B42B-02CFF07796D5}.Debug|Any CPU.ActiveCfg = Debug|Any CPU
		{DE6ACFA9-0596-4B05-B42B-02CFF07796D5}.Debug|Any CPU.Build.0 = Debug|Any CPU
		{DE6ACFA9-0596-4B05-B42B-02CFF07796D5}.Release|Any CPU.ActiveCfg = Release|Any CPU
		{DE6ACFA9-0596-4B05-B42B-02CFF07796D5}.Release|Any CPU.Build.0 = Release|Any CPU
	EndGlobalSection
	GlobalSection(SolutionProperties) = preSolution
		HideSolutionNode = FALSE
	EndGlobalSection
	GlobalSection(NestedProjects) = preSolution
		{508BF748-6730-40B4-82A3-1BB08A9BBC02} = {07646836-47D6-4931-A21C-6A90926BB41C}
		{1687D134-B75F-4400-9C69-281FD86E7880} = {508BF748-6730-40B4-82A3-1BB08A9BBC02}
		{5D9F51CE-08E6-4E6F-A4CA-2273E5A77593} = {07646836-47D6-4931-A21C-6A90926BB41C}
		{517C0CC3-732A-4367-B33B-E9567DAA36CB} = {07646836-47D6-4931-A21C-6A90926BB41C}
		{FC0D6188-5D10-40BA-BAEA-354817D12EAC} = {07646836-47D6-4931-A21C-6A90926BB41C}
		{15D4FA21-7676-490E-A84E-D5E0D34B8F2B} = {5D9F51CE-08E6-4E6F-A4CA-2273E5A77593}
		{AC2698F5-C030-4313-A5CC-3CEFFD902C3F} = {517C0CC3-732A-4367-B33B-E9567DAA36CB}
		{D726EB92-9C26-46EE-ADF3-6822DCB8FD63} = {FC0D6188-5D10-40BA-BAEA-354817D12EAC}
		{DE6ACFA9-0596-4B05-B42B-02CFF07796D5} = {DA8AE16C-A26D-4A2F-9B54-EF60BA41069D}
	EndGlobalSection
	GlobalSection(ExtensibilityGlobals) = postSolution
		SolutionGuid = {019AEFA5-CDC2-48BF-AED8-983AFA6EEEF7}
	EndGlobalSection
EndGlobal
